lockVersion: 2.0.0
id: e26e5b37-4391-4462-9a20-c517a83a166a
management:
  docChecksum: 5063d2e2dc6e6f9b0a05c7776907c26a
  docVersion: 0.1.0
  speakeasyVersion: 1.351.0
  generationVersion: 2.384.1
  releaseVersion: 0.1.2
  configChecksum: 2873af2ea103ca233b2de55ceb457b48
features:
  go:
    additionalDependencies: 0.1.0
    constsAndDefaults: 0.1.4
    core: 3.5.2
    defaultEnabledRetries: 0.2.0
    envVarSecurityUsage: 0.2.1
    errors: 2.81.9
    globalSecurity: 2.82.9
    globalSecurityCallbacks: 0.1.0
    globalServerURLs: 2.82.2
    intellisenseMarkdownSupport: 0.1.0
    nameOverrides: 2.81.2
    nullables: 0.1.0
    oauth2ClientCredentials: 0.1.1
    responseFormat: 0.1.2
    retries: 2.83.0
    sdkHooks: 0.1.0
    unions: 2.85.8
generatedFiles:
  - v1.go
  - v2.go
  - orchestration.go
  - sdk.go
  - go.mod
  - models/sdkerrors/sdkerror.go
  - retry/config.go
  - types/bigint.go
  - types/date.go
  - types/datetime.go
  - types/decimal.go
  - types/pointers.go
  - internal/utils/contenttype.go
  - internal/utils/form.go
  - internal/utils/headers.go
  - internal/utils/json.go
  - internal/utils/pathparams.go
  - internal/utils/queryparams.go
  - internal/utils/requestbody.go
  - internal/utils/retries.go
  - internal/utils/security.go
  - internal/utils/utils.go
  - /models/operations/getserverinfo.go
  - /models/operations/listtriggers.go
  - /models/operations/createtrigger.go
  - /models/operations/readtrigger.go
  - /models/operations/deletetrigger.go
  - /models/operations/listtriggersoccurrences.go
  - /models/operations/listworkflows.go
  - /models/operations/createworkflow.go
  - /models/operations/getworkflow.go
  - /models/operations/deleteworkflow.go
  - /models/operations/runworkflow.go
  - /models/operations/listinstances.go
  - /models/operations/getinstance.go
  - /models/operations/sendevent.go
  - /models/operations/cancelevent.go
  - /models/operations/getinstancehistory.go
  - /models/operations/getinstancestagehistory.go
  - /models/operations/v2getserverinfo.go
  - /models/operations/v2listtriggers.go
  - /models/operations/v2createtrigger.go
  - /models/operations/v2readtrigger.go
  - /models/operations/v2deletetrigger.go
  - /models/operations/testtrigger.go
  - /models/operations/v2listtriggersoccurrences.go
  - /models/operations/v2listworkflows.go
  - /models/operations/v2createworkflow.go
  - /models/operations/v2getworkflow.go
  - /models/operations/v2deleteworkflow.go
  - /models/operations/v2runworkflow.go
  - /models/operations/v2listinstances.go
  - /models/operations/v2getinstance.go
  - /models/operations/v2sendevent.go
  - /models/operations/v2cancelevent.go
  - /models/operations/v2getinstancehistory.go
  - /models/operations/v2getinstancestagehistory.go
  - /models/components/serverinfo.go
  - /models/components/httpmetadata.go
  - /models/components/listtriggersresponse.go
  - /models/components/trigger.go
  - /models/components/createtriggerresponse.go
  - /models/components/triggerdata.go
  - /models/components/readtriggerresponse.go
  - /models/components/listtriggersoccurrencesresponse.go
  - /models/components/triggeroccurrence.go
  - /models/components/workflowinstance.go
  - /models/components/workflow.go
  - /models/components/workflowconfig.go
  - /models/components/stagestatus.go
  - /models/components/listworkflowsresponse.go
  - /models/components/createworkflowresponse.go
  - /models/components/createworkflowrequest.go
  - /models/components/getworkflowresponse.go
  - /models/components/runworkflowresponse.go
  - /models/components/listrunsresponse.go
  - /models/components/getworkflowinstanceresponse.go
  - /models/components/getworkflowinstancehistoryresponse.go
  - /models/components/workflowinstancehistory.go
  - /models/components/stage.go
  - /models/components/stagesend.go
  - /models/components/stagesendsource.go
  - /models/components/stagesendsourcepayment.go
  - /models/components/stagesendsourceaccount.go
  - /models/components/stagesendsourcewallet.go
  - /models/components/stagesenddestination.go
  - /models/components/stagesenddestinationpayment.go
  - /models/components/stagesenddestinationaccount.go
  - /models/components/stagesenddestinationwallet.go
  - /models/components/monetary.go
  - /models/components/stagedelay.go
  - /models/components/stagewaitevent.go
  - /models/components/update.go
  - /models/components/updateaccount.go
  - /models/components/getworkflowinstancehistorystageresponse.go
  - /models/components/workflowinstancehistorystage.go
  - /models/components/workflowinstancehistorystageoutput.go
  - /models/components/listwalletsresponse.go
  - /models/components/wallet.go
  - /models/components/activitygetwalletoutput.go
  - /models/components/walletwithbalances.go
  - /models/components/assetholder.go
  - /models/components/activitydebitwalletoutput.go
  - /models/components/hold.go
  - /models/components/subject.go
  - /models/components/ledgeraccountsubject.go
  - /models/components/walletsubject.go
  - /models/components/activitygetpaymentoutput.go
  - /models/components/payment.go
  - /models/components/paymentmetadata.go
  - /models/components/paymentadjustment.go
  - /models/components/paymentstatus.go
  - /models/components/connector.go
  - /models/components/activityreverttransactionoutput.go
  - /models/components/transaction.go
  - /models/components/posting.go
  - /models/components/activitycreatetransactionoutput.go
  - /models/components/activitygetaccountoutput.go
  - /models/components/account.go
  - /models/components/volume.go
  - /models/components/workflowinstancehistorystageinput.go
  - /models/components/activitylistwallets.go
  - /models/components/activityvoidhold.go
  - /models/components/activitygetwallet.go
  - /models/components/activitydebitwallet.go
  - /models/components/debitwalletrequest.go
  - /models/components/activitycreditwallet.go
  - /models/components/creditwalletrequest.go
  - /models/components/activityconfirmhold.go
  - /models/components/activitygetpayment.go
  - /models/components/activitystripetransfer.go
  - /models/components/activityreverttransaction.go
  - /models/components/activitycreatetransaction.go
  - /models/components/posttransaction.go
  - /models/components/activityaddaccountmetadata.go
  - /models/components/activitygetaccount.go
  - /models/components/v2serverinfo.go
  - /models/components/v2listtriggersresponse.go
  - /models/components/v2trigger.go
  - /models/components/v2createtriggerresponse.go
  - /models/components/v2triggerdata.go
  - /models/components/v2readtriggerresponse.go
  - /models/components/v2testtriggerresponse.go
  - /models/components/v2triggertest.go
  - /models/components/v2listtriggersoccurrencesresponse.go
  - /models/components/v2triggeroccurrence.go
  - /models/components/v2workflowinstance.go
  - /models/components/v2workflow.go
  - /models/components/v2workflowconfig.go
  - /models/components/v2stagestatus.go
  - /models/components/v2listworkflowsresponse.go
  - /models/components/v2createworkflowresponse.go
  - /models/components/v2createworkflowrequest.go
  - /models/components/v2getworkflowresponse.go
  - /models/components/v2runworkflowresponse.go
  - /models/components/v2listrunsresponse.go
  - /models/components/v2getworkflowinstanceresponse.go
  - /models/components/v2getworkflowinstancehistoryresponse.go
  - /models/components/v2workflowinstancehistory.go
  - /models/components/v2stage.go
  - /models/components/v2stagesend.go
  - /models/components/v2stagesendsource.go
  - /models/components/v2stagesendsourcepayment.go
  - /models/components/v2stagesendsourceaccount.go
  - /models/components/v2stagesendsourcewallet.go
  - /models/components/v2stagesenddestination.go
  - /models/components/v2stagesenddestinationpayment.go
  - /models/components/v2stagesenddestinationaccount.go
  - /models/components/v2stagesenddestinationwallet.go
  - /models/components/v2monetary.go
  - /models/components/v2stagedelay.go
  - /models/components/v2stagewaitevent.go
  - /models/components/v2update.go
  - /models/components/v2updateaccount.go
  - /models/components/v2getworkflowinstancehistorystageresponse.go
  - /models/components/v2workflowinstancehistorystage.go
  - /models/components/v2workflowinstancehistorystageoutput.go
  - /models/components/v2listwalletsresponse.go
  - /models/components/v2wallet.go
  - /models/components/v2activitygetwalletoutput.go
  - /models/components/v2walletwithbalances.go
  - /models/components/v2assetholder.go
  - /models/components/v2activitydebitwalletoutput.go
  - /models/components/v2hold.go
  - /models/components/v2subject.go
  - /models/components/v2ledgeraccountsubject.go
  - /models/components/v2walletsubject.go
  - /models/components/v2activitygetpaymentoutput.go
  - /models/components/v2payment.go
  - /models/components/v2paymentmetadata.go
  - /models/components/v2paymentadjustment.go
  - /models/components/v2paymentstatus.go
  - /models/components/v2connector.go
  - /models/components/v2activitycreatetransactionoutput.go
  - /models/components/v2transaction.go
  - /models/components/v2posting.go
  - /models/components/v2activitygetaccountoutput.go
  - /models/components/v2account.go
  - /models/components/v2volume.go
  - /models/components/v2workflowinstancehistorystageinput.go
  - /models/components/v2activitylistwallets.go
  - /models/components/v2activityvoidhold.go
  - /models/components/v2activitygetwallet.go
  - /models/components/v2activitydebitwallet.go
  - /models/components/v2debitwalletrequest.go
  - /models/components/v2activitycreditwallet.go
  - /models/components/v2creditwalletrequest.go
  - /models/components/v2activityconfirmhold.go
  - /models/components/v2activitygetpayment.go
  - /models/components/v2activitystripetransfer.go
  - /models/components/v2activitycreatetransaction.go
  - /models/components/v2posttransaction.go
  - /models/components/v2activityaddaccountmetadata.go
  - /models/components/v2activitygetaccount.go
  - /models/components/security.go
  - /models/sdkerrors/error.go
  - /models/sdkerrors/v2error.go
  - docs/models/operations/getserverinforesponse.md
  - docs/models/operations/listtriggersrequest.md
  - docs/models/operations/listtriggersresponse.md
  - docs/models/operations/createtriggerresponse.md
  - docs/models/operations/readtriggerrequest.md
  - docs/models/operations/readtriggerresponse.md
  - docs/models/operations/deletetriggerrequest.md
  - docs/models/operations/deletetriggerresponse.md
  - docs/models/operations/listtriggersoccurrencesrequest.md
  - docs/models/operations/listtriggersoccurrencesresponse.md
  - docs/models/operations/listworkflowsresponse.md
  - docs/models/operations/createworkflowresponse.md
  - docs/models/operations/getworkflowrequest.md
  - docs/models/operations/getworkflowresponse.md
  - docs/models/operations/deleteworkflowrequest.md
  - docs/models/operations/deleteworkflowresponse.md
  - docs/models/operations/runworkflowrequest.md
  - docs/models/operations/runworkflowresponse.md
  - docs/models/operations/listinstancesrequest.md
  - docs/models/operations/listinstancesresponse.md
  - docs/models/operations/getinstancerequest.md
  - docs/models/operations/getinstanceresponse.md
  - docs/models/operations/sendeventrequestbody.md
  - docs/models/operations/sendeventrequest.md
  - docs/models/operations/sendeventresponse.md
  - docs/models/operations/canceleventrequest.md
  - docs/models/operations/canceleventresponse.md
  - docs/models/operations/getinstancehistoryrequest.md
  - docs/models/operations/getinstancehistoryresponse.md
  - docs/models/operations/getinstancestagehistoryrequest.md
  - docs/models/operations/getinstancestagehistoryresponse.md
  - docs/models/operations/v2getserverinforesponse.md
  - docs/models/operations/v2listtriggersrequest.md
  - docs/models/operations/v2listtriggersresponse.md
  - docs/models/operations/v2createtriggerresponse.md
  - docs/models/operations/v2readtriggerrequest.md
  - docs/models/operations/v2readtriggerresponse.md
  - docs/models/operations/v2deletetriggerrequest.md
  - docs/models/operations/v2deletetriggerresponse.md
  - docs/models/operations/testtriggerrequest.md
  - docs/models/operations/testtriggerresponse.md
  - docs/models/operations/v2listtriggersoccurrencesrequest.md
  - docs/models/operations/v2listtriggersoccurrencesresponse.md
  - docs/models/operations/v2listworkflowsrequest.md
  - docs/models/operations/v2listworkflowsresponse.md
  - docs/models/operations/v2createworkflowresponse.md
  - docs/models/operations/v2getworkflowrequest.md
  - docs/models/operations/v2getworkflowresponse.md
  - docs/models/operations/v2deleteworkflowrequest.md
  - docs/models/operations/v2deleteworkflowresponse.md
  - docs/models/operations/v2runworkflowrequest.md
  - docs/models/operations/v2runworkflowresponse.md
  - docs/models/operations/v2listinstancesrequest.md
  - docs/models/operations/v2listinstancesresponse.md
  - docs/models/operations/v2getinstancerequest.md
  - docs/models/operations/v2getinstanceresponse.md
  - docs/models/operations/v2sendeventrequestbody.md
  - docs/models/operations/v2sendeventrequest.md
  - docs/models/operations/v2sendeventresponse.md
  - docs/models/operations/v2canceleventrequest.md
  - docs/models/operations/v2canceleventresponse.md
  - docs/models/operations/v2getinstancehistoryrequest.md
  - docs/models/operations/v2getinstancehistoryresponse.md
  - docs/models/operations/v2getinstancestagehistoryrequest.md
  - docs/models/operations/v2getinstancestagehistoryresponse.md
  - docs/models/components/serverinfo.md
  - docs/models/components/httpmetadata.md
  - docs/models/components/listtriggersresponse.md
  - docs/models/components/trigger.md
  - docs/models/components/createtriggerresponse.md
  - docs/models/components/triggerdata.md
  - docs/models/components/readtriggerresponse.md
  - docs/models/components/listtriggersoccurrencesresponse.md
  - docs/models/components/triggeroccurrence.md
  - docs/models/components/workflowinstance.md
  - docs/models/components/workflow.md
  - docs/models/components/workflowconfig.md
  - docs/models/components/stagestatus.md
  - docs/models/components/listworkflowsresponse.md
  - docs/models/components/createworkflowresponse.md
  - docs/models/components/createworkflowrequest.md
  - docs/models/components/getworkflowresponse.md
  - docs/models/components/runworkflowresponse.md
  - docs/models/components/listrunsresponse.md
  - docs/models/components/getworkflowinstanceresponse.md
  - docs/models/components/getworkflowinstancehistoryresponse.md
  - docs/models/components/workflowinstancehistory.md
  - docs/models/components/stage.md
  - docs/models/components/stagesend.md
  - docs/models/components/stagesendsource.md
  - docs/models/components/stagesendsourcepayment.md
  - docs/models/components/stagesendsourceaccount.md
  - docs/models/components/stagesendsourcewallet.md
  - docs/models/components/stagesenddestination.md
  - docs/models/components/stagesenddestinationpayment.md
  - docs/models/components/stagesenddestinationaccount.md
  - docs/models/components/stagesenddestinationwallet.md
  - docs/models/components/monetary.md
  - docs/models/components/stagedelay.md
  - docs/models/components/stagewaitevent.md
  - docs/models/components/update.md
  - docs/models/components/updateaccount.md
  - docs/models/components/getworkflowinstancehistorystageresponse.md
  - docs/models/components/workflowinstancehistorystage.md
  - docs/models/components/workflowinstancehistorystageoutput.md
  - docs/models/components/cursor.md
  - docs/models/components/listwalletsresponse.md
  - docs/models/components/wallet.md
  - docs/models/components/activitygetwalletoutput.md
  - docs/models/components/balances.md
  - docs/models/components/walletwithbalances.md
  - docs/models/components/assetholder.md
  - docs/models/components/activitydebitwalletoutput.md
  - docs/models/components/hold.md
  - docs/models/components/subject.md
  - docs/models/components/ledgeraccountsubject.md
  - docs/models/components/walletsubject.md
  - docs/models/components/activitygetpaymentoutput.md
  - docs/models/components/type.md
  - docs/models/components/scheme.md
  - docs/models/components/raw.md
  - docs/models/components/payment.md
  - docs/models/components/paymentmetadata.md
  - docs/models/components/paymentadjustmentraw.md
  - docs/models/components/paymentadjustment.md
  - docs/models/components/paymentstatus.md
  - docs/models/components/connector.md
  - docs/models/components/activityreverttransactionoutput.md
  - docs/models/components/transaction.md
  - docs/models/components/posting.md
  - docs/models/components/activitycreatetransactionoutput.md
  - docs/models/components/activitygetaccountoutput.md
  - docs/models/components/account.md
  - docs/models/components/volume.md
  - docs/models/components/workflowinstancehistorystageinput.md
  - docs/models/components/activitylistwallets.md
  - docs/models/components/activityvoidhold.md
  - docs/models/components/activitygetwallet.md
  - docs/models/components/activitydebitwallet.md
  - docs/models/components/debitwalletrequest.md
  - docs/models/components/activitycreditwallet.md
  - docs/models/components/creditwalletrequest.md
  - docs/models/components/activityconfirmhold.md
  - docs/models/components/activitygetpayment.md
  - docs/models/components/metadata.md
  - docs/models/components/activitystripetransfer.md
  - docs/models/components/activityreverttransaction.md
  - docs/models/components/activitycreatetransaction.md
  - docs/models/components/script.md
  - docs/models/components/posttransaction.md
  - docs/models/components/activityaddaccountmetadata.md
  - docs/models/components/activitygetaccount.md
  - docs/models/components/v2serverinfo.md
  - docs/models/components/v2listtriggersresponsecursor.md
  - docs/models/components/v2listtriggersresponse.md
  - docs/models/components/v2trigger.md
  - docs/models/components/v2createtriggerresponse.md
  - docs/models/components/v2triggerdata.md
  - docs/models/components/v2readtriggerresponse.md
  - docs/models/components/v2testtriggerresponse.md
  - docs/models/components/filter.md
  - docs/models/components/variables.md
  - docs/models/components/v2triggertest.md
  - docs/models/components/v2listtriggersoccurrencesresponsecursor.md
  - docs/models/components/v2listtriggersoccurrencesresponse.md
  - docs/models/components/v2triggeroccurrence.md
  - docs/models/components/v2workflowinstance.md
  - docs/models/components/v2workflow.md
  - docs/models/components/v2workflowconfig.md
  - docs/models/components/v2stagestatus.md
  - docs/models/components/v2listworkflowsresponsecursor.md
  - docs/models/components/v2listworkflowsresponse.md
  - docs/models/components/v2createworkflowresponse.md
  - docs/models/components/v2createworkflowrequest.md
  - docs/models/components/v2getworkflowresponse.md
  - docs/models/components/v2runworkflowresponse.md
  - docs/models/components/v2listrunsresponsecursor.md
  - docs/models/components/v2listrunsresponse.md
  - docs/models/components/v2getworkflowinstanceresponse.md
  - docs/models/components/v2getworkflowinstancehistoryresponse.md
  - docs/models/components/v2workflowinstancehistory.md
  - docs/models/components/v2stage.md
  - docs/models/components/v2stagesend.md
  - docs/models/components/v2stagesendsource.md
  - docs/models/components/v2stagesendsourcepayment.md
  - docs/models/components/v2stagesendsourceaccount.md
  - docs/models/components/v2stagesendsourcewallet.md
  - docs/models/components/v2stagesenddestination.md
  - docs/models/components/v2stagesenddestinationpayment.md
  - docs/models/components/v2stagesenddestinationaccount.md
  - docs/models/components/v2stagesenddestinationwallet.md
  - docs/models/components/v2monetary.md
  - docs/models/components/v2stagedelay.md
  - docs/models/components/v2stagewaitevent.md
  - docs/models/components/v2update.md
  - docs/models/components/v2updateaccount.md
  - docs/models/components/v2getworkflowinstancehistorystageresponse.md
  - docs/models/components/v2workflowinstancehistorystage.md
  - docs/models/components/v2workflowinstancehistorystageoutput.md
  - docs/models/components/v2listwalletsresponsecursor.md
  - docs/models/components/v2listwalletsresponse.md
  - docs/models/components/v2wallet.md
  - docs/models/components/v2activitygetwalletoutput.md
  - docs/models/components/v2walletwithbalancesbalances.md
  - docs/models/components/v2walletwithbalances.md
  - docs/models/components/v2assetholder.md
  - docs/models/components/v2activitydebitwalletoutput.md
  - docs/models/components/v2hold.md
  - docs/models/components/v2subject.md
  - docs/models/components/v2ledgeraccountsubject.md
  - docs/models/components/v2walletsubject.md
  - docs/models/components/v2activitygetpaymentoutput.md
  - docs/models/components/v2paymenttype.md
  - docs/models/components/v2paymentscheme.md
  - docs/models/components/v2paymentraw.md
  - docs/models/components/v2payment.md
  - docs/models/components/v2paymentmetadata.md
  - docs/models/components/v2paymentadjustmentraw.md
  - docs/models/components/v2paymentadjustment.md
  - docs/models/components/v2paymentstatus.md
  - docs/models/components/v2connector.md
  - docs/models/components/v2activitycreatetransactionoutput.md
  - docs/models/components/v2transaction.md
  - docs/models/components/v2posting.md
  - docs/models/components/v2activitygetaccountoutput.md
  - docs/models/components/v2account.md
  - docs/models/components/v2volume.md
  - docs/models/components/v2workflowinstancehistorystageinput.md
  - docs/models/components/v2activitylistwallets.md
  - docs/models/components/v2activityvoidhold.md
  - docs/models/components/v2activitygetwallet.md
  - docs/models/components/v2activitydebitwallet.md
  - docs/models/components/v2debitwalletrequest.md
  - docs/models/components/v2activitycreditwallet.md
  - docs/models/components/v2creditwalletrequest.md
  - docs/models/components/v2activityconfirmhold.md
  - docs/models/components/v2activitygetpayment.md
  - docs/models/components/v2activitystripetransfermetadata.md
  - docs/models/components/v2activitystripetransfer.md
  - docs/models/components/v2activitycreatetransaction.md
  - docs/models/components/v2posttransactionscript.md
  - docs/models/components/v2posttransaction.md
  - docs/models/components/v2activityaddaccountmetadata.md
  - docs/models/components/v2activitygetaccount.md
  - docs/models/components/security.md
  - docs/models/sdkerrors/errorcode.md
  - docs/models/sdkerrors/error.md
  - docs/models/sdkerrors/v2errorerrorcode.md
  - docs/models/sdkerrors/v2error.md
  - docs/sdks/sdk/README.md
  - docs/sdks/orchestration/README.md
  - docs/models/operations/option.md
  - docs/sdks/v1/README.md
  - docs/sdks/v2/README.md
  - USAGE.md
  - models/operations/options.go
  - .gitattributes
  - internal/hooks/hooks.go
  - internal/hooks/clientcredentials.go
  - CONTRIBUTING.md
